// !$*UTF8*$!
{
	archiveVersion = 1;
	classes = {
	};
	objectVersion = 50;
	objects = {

/* Begin PBXBuildFile section */
		8934D04F20EB07E300A515DB /* PATransactionContainerController.m in Sources */ = {isa = PBXBuildFile; fileRef = 8934D04D20EB07E300A515DB /* PATransactionContainerController.m */; };
		8934D06C20EB756500A515DB /* MainVC.m in Sources */ = {isa = PBXBuildFile; fileRef = 8934D06B20EB756500A515DB /* MainVC.m */; };
		8934D06F20EB778D00A515DB /* SubVC.m in Sources */ = {isa = PBXBuildFile; fileRef = 8934D06E20EB778D00A515DB /* SubVC.m */; };
		89FFA95A20E381AA00AB2E99 /* AppDelegate.m in Sources */ = {isa = PBXBuildFile; fileRef = 89FFA95920E381AA00AB2E99 /* AppDelegate.m */; };
		89FFA96020E381AA00AB2E99 /* Main.storyboard in Resources */ = {isa = PBXBuildFile; fileRef = 89FFA95E20E381AA00AB2E99 /* Main.storyboard */; };
		89FFA96220E381B200AB2E99 /* Assets.xcassets in Resources */ = {isa = PBXBuildFile; fileRef = 89FFA96120E381B200AB2E99 /* Assets.xcassets */; };
		89FFA96520E381B200AB2E99 /* LaunchScreen.storyboard in Resources */ = {isa = PBXBuildFile; fileRef = 89FFA96320E381B200AB2E99 /* LaunchScreen.storyboard */; };
		89FFA96820E381B200AB2E99 /* main.m in Sources */ = {isa = PBXBuildFile; fileRef = 89FFA96720E381B200AB2E99 /* main.m */; };
		95B8CB973552B89F391D6555 /* Pods_ZQDemoWeek.framework in Frameworks */ = {isa = PBXBuildFile; fileRef = 91A1A347F707AE34B192FBCD /* Pods_ZQDemoWeek.framework */; };
/* End PBXBuildFile section */

/* Begin PBXFileReference section */
		0BF3E37BAFF2C9FED9A29F2A /* Pods-ZQDemoWeek.release.xcconfig */ = {isa = PBXFileReference; includeInIndex = 1; lastKnownFileType = text.xcconfig; name = "Pods-ZQDemoWeek.release.xcconfig"; path = "Pods/Target Support Files/Pods-ZQDemoWeek/Pods-ZQDemoWeek.release.xcconfig"; sourceTree = "<group>"; };
		8934D04D20EB07E300A515DB /* PATransactionContainerController.m */ = {isa = PBXFileReference; fileEncoding = 4; lastKnownFileType = sourcecode.c.objc; path = PATransactionContainerController.m; sourceTree = "<group>"; };
		8934D04E20EB07E300A515DB /* PATransactionContainerController.h */ = {isa = PBXFileReference; fileEncoding = 4; lastKnownFileType = sourcecode.c.h; path = PATransactionContainerController.h; sourceTree = "<group>"; };
		8934D05020EB0ABE00A515DB /* ZQPrefixHeader.pch */ = {isa = PBXFileReference; lastKnownFileType = sourcecode.c.h; path = ZQPrefixHeader.pch; sourceTree = "<group>"; };
		8934D06A20EB756500A515DB /* MainVC.h */ = {isa = PBXFileReference; lastKnownFileType = sourcecode.c.h; path = MainVC.h; sourceTree = "<group>"; };
		8934D06B20EB756500A515DB /* MainVC.m */ = {isa = PBXFileReference; lastKnownFileType = sourcecode.c.objc; path = MainVC.m; sourceTree = "<group>"; };
		8934D06D20EB778D00A515DB /* SubVC.h */ = {isa = PBXFileReference; lastKnownFileType = sourcecode.c.h; path = SubVC.h; sourceTree = "<group>"; };
		8934D06E20EB778D00A515DB /* SubVC.m */ = {isa = PBXFileReference; lastKnownFileType = sourcecode.c.objc; path = SubVC.m; sourceTree = "<group>"; };
		89FFA95520E381AA00AB2E99 /* ZQDemoWeek.app */ = {isa = PBXFileReference; explicitFileType = wrapper.application; includeInIndex = 0; path = ZQDemoWeek.app; sourceTree = BUILT_PRODUCTS_DIR; };
		89FFA95820E381AA00AB2E99 /* AppDelegate.h */ = {isa = PBXFileReference; lastKnownFileType = sourcecode.c.h; path = AppDelegate.h; sourceTree = "<group>"; };
		89FFA95920E381AA00AB2E99 /* AppDelegate.m */ = {isa = PBXFileReference; lastKnownFileType = sourcecode.c.objc; path = AppDelegate.m; sourceTree = "<group>"; };
		89FFA95F20E381AA00AB2E99 /* Base */ = {isa = PBXFileReference; lastKnownFileType = file.storyboard; name = Base; path = Base.lproj/Main.storyboard; sourceTree = "<group>"; };
		89FFA96120E381B200AB2E99 /* Assets.xcassets */ = {isa = PBXFileReference; lastKnownFileType = folder.assetcatalog; path = Assets.xcassets; sourceTree = "<group>"; };
		89FFA96420E381B200AB2E99 /* Base */ = {isa = PBXFileReference; lastKnownFileType = file.storyboard; name = Base; path = Base.lproj/LaunchScreen.storyboard; sourceTree = "<group>"; };
		89FFA96620E381B200AB2E99 /* Info.plist */ = {isa = PBXFileReference; lastKnownFileType = text.plist.xml; path = Info.plist; sourceTree = "<group>"; };
		89FFA96720E381B200AB2E99 /* main.m */ = {isa = PBXFileReference; lastKnownFileType = sourcecode.c.objc; path = main.m; sourceTree = "<group>"; };
		91A1A347F707AE34B192FBCD /* Pods_ZQDemoWeek.framework */ = {isa = PBXFileReference; explicitFileType = wrapper.framework; includeInIndex = 0; path = Pods_ZQDemoWeek.framework; sourceTree = BUILT_PRODUCTS_DIR; };
		A901AB61597F9171D60C5AAD /* Pods-ZQDemoWeek.debug.xcconfig */ = {isa = PBXFileReference; includeInIndex = 1; lastKnownFileType = text.xcconfig; name = "Pods-ZQDemoWeek.debug.xcconfig"; path = "Pods/Target Support Files/Pods-ZQDemoWeek/Pods-ZQDemoWeek.debug.xcconfig"; sourceTree = "<group>"; };
/* End PBXFileReference section */

/* Begin PBXFrameworksBuildPhase section */
		89FFA95220E381AA00AB2E99 /* Frameworks */ = {
			isa = PBXFrameworksBuildPhase;
			buildActionMask = 2147483647;
			files = (
				95B8CB973552B89F391D6555 /* Pods_ZQDemoWeek.framework in Frameworks */,
			);
			runOnlyForDeploymentPostprocessing = 0;
		};
/* End PBXFrameworksBuildPhase section */

/* Begin PBXGroup section */
		190732F7FA9DEEFBF66103E1 /* Pods */ = {
			isa = PBXGroup;
			children = (
				A901AB61597F9171D60C5AAD /* Pods-ZQDemoWeek.debug.xcconfig */,
				0BF3E37BAFF2C9FED9A29F2A /* Pods-ZQDemoWeek.release.xcconfig */,
			);
			name = Pods;
			sourceTree = "<group>";
		};
		89FFA94C20E381AA00AB2E99 = {
			isa = PBXGroup;
			children = (
				89FFA95720E381AA00AB2E99 /* ZQDemoWeek */,
				89FFA95620E381AA00AB2E99 /* Products */,
				190732F7FA9DEEFBF66103E1 /* Pods */,
				DC7AE2ABA9593C9DA428B417 /* Frameworks */,
			);
			sourceTree = "<group>";
		};
		89FFA95620E381AA00AB2E99 /* Products */ = {
			isa = PBXGroup;
			children = (
				89FFA95520E381AA00AB2E99 /* ZQDemoWeek.app */,
			);
			name = Products;
			sourceTree = "<group>";
		};
		89FFA95720E381AA00AB2E99 /* ZQDemoWeek */ = {
			isa = PBXGroup;
			children = (
				89FFA95820E381AA00AB2E99 /* AppDelegate.h */,
				89FFA95920E381AA00AB2E99 /* AppDelegate.m */,
				8934D06A20EB756500A515DB /* MainVC.h */,
				8934D06B20EB756500A515DB /* MainVC.m */,
				8934D04E20EB07E300A515DB /* PATransactionContainerController.h */,
				8934D04D20EB07E300A515DB /* PATransactionContainerController.m */,
				8934D06D20EB778D00A515DB /* SubVC.h */,
				8934D06E20EB778D00A515DB /* SubVC.m */,
				89FFA95E20E381AA00AB2E99 /* Main.storyboard */,
				8934D05020EB0ABE00A515DB /* ZQPrefixHeader.pch */,
				89FFA96120E381B200AB2E99 /* Assets.xcassets */,
				89FFA96320E381B200AB2E99 /* LaunchScreen.storyboard */,
				89FFA96620E381B200AB2E99 /* Info.plist */,
				89FFA96720E381B200AB2E99 /* main.m */,
			);
			path = ZQDemoWeek;
			sourceTree = "<group>";
		};
		DC7AE2ABA9593C9DA428B417 /* Frameworks */ = {
			isa = PBXGroup;
			children = (
				91A1A347F707AE34B192FBCD /* Pods_ZQDemoWeek.framework */,
			);
			name = Frameworks;
			sourceTree = "<group>";
		};
/* End PBXGroup section */

/* Begin PBXNativeTarget section */
		89FFA95420E381AA00AB2E99 /* ZQDemoWeek */ = {
			isa = PBXNativeTarget;
			buildConfigurationList = 89FFA96B20E381B200AB2E99 /* Build configuration list for PBXNativeTarget "ZQDemoWeek" */;
			buildPhases = (
				C7F6AD5C431E33AA8528B05D /* [CP] Check Pods Manifest.lock */,
				89FFA95120E381AA00AB2E99 /* Sources */,
				89FFA95220E381AA00AB2E99 /* Frameworks */,
				89FFA95320E381AA00AB2E99 /* Resources */,
				D9855036A2552BA4B2763C1F /* [CP] Embed Pods Frameworks */,
			);
			buildRules = (
			);
			dependencies = (
			);
			name = ZQDemoWeek;
			productName = ZQDemoWeek;
			productReference = 89FFA95520E381AA00AB2E99 /* ZQDemoWeek.app */;
			productType = "com.apple.product-type.application";
		};
/* End PBXNativeTarget section */

/* Begin PBXProject section */
		89FFA94D20E381AA00AB2E99 /* Project object */ = {
			isa = PBXProject;
			attributes = {
				LastUpgradeCheck = 0940;
				ORGANIZATIONNAME = "张泉(平安好房技术中心智慧城市房产云研发团队前端研发组)";
				TargetAttributes = {
					89FFA95420E381AA00AB2E99 = {
						CreatedOnToolsVersion = 9.4.1;
					};
				};
			};
			buildConfigurationList = 89FFA95020E381AA00AB2E99 /* Build configuration list for PBXProject "ZQDemoWeek" */;
			compatibilityVersion = "Xcode 9.3";
			developmentRegion = en;
			hasScannedForEncodings = 0;
			knownRegions = (
				en,
				Base,
			);
			mainGroup = 89FFA94C20E381AA00AB2E99;
			productRefGroup = 89FFA95620E381AA00AB2E99 /* Products */;
			projectDirPath = "";
			projectRoot = "";
			targets = (
				89FFA95420E381AA00AB2E99 /* ZQDemoWeek */,
			);
		};
/* End PBXProject section */

/* Begin PBXResourcesBuildPhase section */
		89FFA95320E381AA00AB2E99 /* Resources */ = {
			isa = PBXResourcesBuildPhase;
			buildActionMask = 2147483647;
			files = (
				89FFA96520E381B200AB2E99 /* LaunchScreen.storyboard in Resources */,
				89FFA96220E381B200AB2E99 /* Assets.xcassets in Resources */,
				89FFA96020E381AA00AB2E99 /* Main.storyboard in Resources */,
			);
			runOnlyForDeploymentPostprocessing = 0;
		};
/* End PBXResourcesBuildPhase section */

/* Begin PBXShellScriptBuildPhase section */
		C7F6AD5C431E33AA8528B05D /* [CP] Check Pods Manifest.lock */ = {
			isa = PBXShellScriptBuildPhase;
			buildActionMask = 2147483647;
			files = (
			);
			inputPaths = (
				"${PODS_PODFILE_DIR_PATH}/Podfile.lock",
				"${PODS_ROOT}/Manifest.lock",
			);
			name = "[CP] Check Pods Manifest.lock";
			outputPaths = (
				"$(DERIVED_FILE_DIR)/Pods-ZQDemoWeek-checkManifestLockResult.txt",
			);
			runOnlyForDeploymentPostprocessing = 0;
			shellPath = /bin/sh;
			shellScript = "diff \"${PODS_PODFILE_DIR_PATH}/Podfile.lock\" \"${PODS_ROOT}/Manifest.lock\" > /dev/null\nif [ $? != 0 ] ; then\n    # print error to STDERR\n    echo \"error: The sandbox is not in sync with the Podfile.lock. Run 'pod install' or update your CocoaPods installation.\" >&2\n    exit 1\nfi\n# This output is used by Xcode 'outputs' to avoid re-running this script phase.\necho \"SUCCESS\" > \"${SCRIPT_OUTPUT_FILE_0}\"\n";
			showEnvVarsInLog = 0;
		};
		D9855036A2552BA4B2763C1F /* [CP] Embed Pods Frameworks */ = {
			isa = PBXShellScriptBuildPhase;
			buildActionMask = 2147483647;
			files = (
			);
			inputPaths = (
				"${SRCROOT}/Pods/Target Support Files/Pods-ZQDemoWeek/Pods-ZQDemoWeek-frameworks.sh",
				"${BUILT_PRODUCTS_DIR}/PAFoundation/PAFoundation.framework",
				"${BUILT_PRODUCTS_DIR}/PAUIKit/PAUIKit.framework",
				"${BUILT_PRODUCTS_DIR}/SDWebImage/SDWebImage.framework",
				"${BUILT_PRODUCTS_DIR}/WebViewJavascriptBridge/WebViewJavascriptBridge.framework",
				"${BUILT_PRODUCTS_DIR}/WeexSDK/WeexSDK.framework",
			);
			name = "[CP] Embed Pods Frameworks";
			outputPaths = (
				"${TARGET_BUILD_DIR}/${FRAMEWORKS_FOLDER_PATH}/PAFoundation.framework",
				"${TARGET_BUILD_DIR}/${FRAMEWORKS_FOLDER_PATH}/PAUIKit.framework",
				"${TARGET_BUILD_DIR}/${FRAMEWORKS_FOLDER_PATH}/SDWebImage.framework",
				"${TARGET_BUILD_DIR}/${FRAMEWORKS_FOLDER_PATH}/WebViewJavascriptBridge.framework",
				"${TARGET_BUILD_DIR}/${FRAMEWORKS_FOLDER_PATH}/WeexSDK.framework",
			);
			runOnlyForDeploymentPostprocessing = 0;
			shellPath = /bin/sh;
			shellScript = "\"${SRCROOT}/Pods/Target Support Files/Pods-ZQDemoWeek/Pods-ZQDemoWeek-frameworks.sh\"\n";
			showEnvVarsInLog = 0;
		};
/* End PBXShellScriptBuildPhase section */

/* Begin PBXSourcesBuildPhase section */
		89FFA95120E381AA00AB2E99 /* Sources */ = {
			isa = PBXSourcesBuildPhase;
			buildActionMask = 2147483647;
			files = (
				89FFA96820E381B200AB2E99 /* main.m in Sources */,
				8934D06C20EB756500A515DB /* MainVC.m in Sources */,
				89FFA95A20E381AA00AB2E99 /* AppDelegate.m in Sources */,
				8934D04F20EB07E300A515DB /* PATransactionContainerController.m in Sources */,
				8934D06F20EB778D00A515DB /* SubVC.m in Sources */,
			);
			runOnlyForDeploymentPostprocessing = 0;
		};
/* End PBXSourcesBuildPhase section */

/* Begin PBXVariantGroup section */
		89FFA95E20E381AA00AB2E99 /* Main.storyboard */ = {
			isa = PBXVariantGroup;
			children = (
				89FFA95F20E381AA00AB2E99 /* Base */,
			);
			name = Main.storyboard;
			sourceTree = "<group>";
		};
		89FFA96320E381B200AB2E99 /* LaunchScreen.storyboard */ = {
			isa = PBXVariantGroup;
			children = (
				89FFA96420E381B200AB2E99 /* Base */,
			);
			name = LaunchScreen.storyboard;
			sourceTree = "<group>";
		};
/* End PBXVariantGroup section */

/* Begin XCBuildConfiguration section */
		89FFA96920E381B200AB2E99 /* Debug */ = {
			isa = XCBuildConfiguration;
			buildSettings = {
				ALWAYS_SEARCH_USER_PATHS = NO;
				CLANG_ANALYZER_NONNULL = YES;
				CLANG_ANALYZER_NUMBER_OBJECT_CONVERSION = YES_AGGRESSIVE;
				CLANG_CXX_LANGUAGE_STANDARD = "gnu++14";
				CLANG_CXX_LIBRARY = "libc++";
				CLANG_ENABLE_MODULES = YES;
				CLANG_ENABLE_OBJC_ARC = YES;
				CLANG_ENABLE_OBJC_WEAK = YES;
				CLANG_WARN_BLOCK_CAPTURE_AUTORELEASING = YES;
				CLANG_WARN_BOOL_CONVERSION = YES;
				CLANG_WARN_COMMA = YES;
				CLANG_WARN_CONSTANT_CONVERSION = YES;
				CLANG_WARN_DEPRECATED_OBJC_IMPLEMENTATIONS = YES;
				CLANG_WARN_DIRECT_OBJC_ISA_USAGE = YES_ERROR;
				CLANG_WARN_DOCUMENTATION_COMMENTS = YES;
				CLANG_WARN_EMPTY_BODY = YES;
				CLANG_WARN_ENUM_CONVERSION = YES;
				CLANG_WARN_INFINITE_RECURSION = YES;
				CLANG_WARN_INT_CONVERSION = YES;
				CLANG_WARN_NON_LITERAL_NULL_CONVERSION = YES;
				CLANG_WARN_OBJC_IMPLICIT_RETAIN_SELF = YES;
				CLANG_WARN_OBJC_LITERAL_CONVERSION = YES;
				CLANG_WARN_OBJC_ROOT_CLASS = YES_ERROR;
				CLANG_WARN_RANGE_LOOP_ANALYSIS = YES;
				CLANG_WARN_STRICT_PROTOTYPES = YES;
				CLANG_WARN_SUSPICIOUS_MOVE = YES;
				CLANG_WARN_UNGUARDED_AVAILABILITY = YES_AGGRESSIVE;
				CLANG_WARN_UNREACHABLE_CODE = YES;
				CLANG_WARN__DUPLICATE_METHOD_MATCH = YES;
				CODE_SIGN_IDENTITY = "iPhone Developer";
				COPY_PHASE_STRIP = NO;
				DEBUG_INFORMATION_FORMAT = dwarf;
				ENABLE_STRICT_OBJC_MSGSEND = YES;
				ENABLE_TESTABILITY = YES;
				GCC_C_LANGUAGE_STANDARD = gnu11;
				GCC_DYNAMIC_NO_PIC = NO;
				GCC_NO_COMMON_BLOCKS = YES;
				GCC_OPTIMIZATION_LEVEL = 0;
				GCC_PREPROCESSOR_DEFINITIONS = (
					"DEBUG=1",
					"$(inherited)",
				);
				GCC_WARN_64_TO_32_BIT_CONVERSION = YES;
				GCC_WARN_ABOUT_RETURN_TYPE = YES_ERROR;
				GCC_WARN_UNDECLARED_SELECTOR = YES;
				GCC_WARN_UNINITIALIZED_AUTOS = YES_AGGRESSIVE;
				GCC_WARN_UNUSED_FUNCTION = YES;
				GCC_WARN_UNUSED_VARIABLE = YES;
				IPHONEOS_DEPLOYMENT_TARGET = 11.4;
				MTL_ENABLE_DEBUG_INFO = YES;
				ONLY_ACTIVE_ARCH = YES;
				SDKROOT = iphoneos;
			};
			name = Debug;
		};
		89FFA96A20E381B200AB2E99 /* Release */ = {
			isa = XCBuildConfiguration;
			buildSettings = {
				ALWAYS_SEARCH_USER_PATHS = NO;
				CLANG_ANALYZER_NONNULL = YES;
				CLANG_ANALYZER_NUMBER_OBJECT_CONVERSION = YES_AGGRESSIVE;
				CLANG_CXX_LANGUAGE_STANDARD = "gnu++14";
				CLANG_CXX_LIBRARY = "libc++";
				CLANG_ENABLE_MODULES = YES;
				CLANG_ENABLE_OBJC_ARC = YES;
				CLANG_ENABLE_OBJC_WEAK = YES;
				CLANG_WARN_BLOCK_CAPTURE_AUTORELEASING = YES;
				CLANG_WARN_BOOL_CONVERSION = YES;
				CLANG_WARN_COMMA = YES;
				CLANG_WARN_CONSTANT_CONVERSION = YES;
				CLANG_WARN_DEPRECATED_OBJC_IMPLEMENTATIONS = YES;
				CLANG_WARN_DIRECT_OBJC_ISA_USAGE = YES_ERROR;
				CLANG_WARN_DOCUMENTATION_COMMENTS = YES;
				CLANG_WARN_EMPTY_BODY = YES;
				CLANG_WARN_ENUM_CONVERSION = YES;
				CLANG_WARN_INFINITE_RECURSION = YES;
				CLANG_WARN_INT_CONVERSION = YES;
				CLANG_WARN_NON_LITERAL_NULL_CONVERSION = YES;
				CLANG_WARN_OBJC_IMPLICIT_RETAIN_SELF = YES;
				CLANG_WARN_OBJC_LITERAL_CONVERSION = YES;
				CLANG_WARN_OBJC_ROOT_CLASS = YES_ERROR;
				CLANG_WARN_RANGE_LOOP_ANALYSIS = YES;
				CLANG_WARN_STRICT_PROTOTYPES = YES;
				CLANG_WARN_SUSPICIOUS_MOVE = YES;
				CLANG_WARN_UNGUARDED_AVAILABILITY = YES_AGGRESSIVE;
				CLANG_WARN_UNREACHABLE_CODE = YES;
				CLANG_WARN__DUPLICATE_METHOD_MATCH = YES;
				CODE_SIGN_IDENTITY = "iPhone Developer";
				COPY_PHASE_STRIP = NO;
				DEBUG_INFORMATION_FORMAT = "dwarf-with-dsym";
				ENABLE_NS_ASSERTIONS = NO;
				ENABLE_STRICT_OBJC_MSGSEND = YES;
				GCC_C_LANGUAGE_STANDARD = gnu11;
				GCC_NO_COMMON_BLOCKS = YES;
				GCC_WARN_64_TO_32_BIT_CONVERSION = YES;
				GCC_WARN_ABOUT_RETURN_TYPE = YES_ERROR;
				GCC_WARN_UNDECLARED_SELECTOR = YES;
				GCC_WARN_UNINITIALIZED_AUTOS = YES_AGGRESSIVE;
				GCC_WARN_UNUSED_FUNCTION = YES;
				GCC_WARN_UNUSED_VARIABLE = YES;
				IPHONEOS_DEPLOYMENT_TARGET = 11.4;
				MTL_ENABLE_DEBUG_INFO = NO;
				SDKROOT = iphoneos;
				VALIDATE_PRODUCT = YES;
			};
			name = Release;
		};
		89FFA96C20E381B200AB2E99 /* Debug */ = {
			isa = XCBuildConfiguration;
			baseConfigurationReference = A901AB61597F9171D60C5AAD /* Pods-ZQDemoWeek.debug.xcconfig */;
			buildSettings = {
				ASSETCATALOG_COMPILER_APPICON_NAME = AppIcon;
				CODE_SIGN_STYLE = Automatic;
				DEVELOPMENT_TEAM = DW4EHKV48E;
				GCC_PREFIX_HEADER = "$(PROJECT_DIR)/ZQDemoWeek/ZQPrefixHeader.pch";
				INFOPLIST_FILE = ZQDemoWeek/Info.plist;
				LD_RUNPATH_SEARCH_PATHS = (
					"$(inherited)",
					"@executable_path/Frameworks",
				);
				PRODUCT_BUNDLE_IDENTIFIER = zhangq.ZQDemoWeek;
				PRODUCT_NAME = "$(TARGET_NAME)";
				TARGETED_DEVICE_FAMILY = "1,2";
			};
			name = Debug;
		};
		89FFA96D20E381B200AB2E99 /* Release */ = {
			isa = XCBuildConfiguration;
			baseConfigurationReference = 0BF3E37BAFF2C9FED9A29F2A /* Pods-ZQDemoWeek.release.xcconfig */;
			buildSettings = {
				ASSETCATALOG_COMPILER_APPICON_NAME = AppIcon;
				CODE_SIGN_STYLE = Automatic;
				DEVELOPMENT_TEAM = DW4EHKV48E;
				GCC_PREFIX_HEADER = "$(PROJECT_DIR)/ZQDemoWeek/ZQPrefixHeader.pch";
				INFOPLIST_FILE = ZQDemoWeek/Info.plist;
				LD_RUNPATH_SEARCH_PATHS = (
					"$(inherited)",
					"@executable_path/Frameworks",
				);
				PRODUCT_BUNDLE_IDENTIFIER = zhangq.ZQDemoWeek;
				PRODUCT_NAME = "$(TARGET_NAME)";
				TARGETED_DEVICE_FAMILY = "1,2";
			};
			name = Release;
		};
/* End XCBuildConfiguration section */

/* Begin XCConfigurationList section */
		89FFA95020E381AA00AB2E99 /* Build configuration list for PBXProject "ZQDemoWeek" */ = {
			isa = XCConfigurationList;
			buildConfigurations = (
				89FFA96920E381B200AB2E99 /* Debug */,
				89FFA96A20E381B200AB2E99 /* Release */,
			);
			defaultConfigurationIsVisible = 0;
			defaultConfigurationName = Release;
		};
		89FFA96B20E381B200AB2E99 /* Build configuration list for PBXNativeTarget "ZQDemoWeek" */ = {
			isa = XCConfigurationList;
			buildConfigurations = (
				89FFA96C20E381B200AB2E99 /* Debug */,
				89FFA96D20E381B200AB2E99 /* Release */,
			);
			defaultConfigurationIsVisible = 0;
			defaultConfigurationName = Release;
		};
/* End XCConfigurationList section */
	};
	rootObject = 89FFA94D20E381AA00AB2E99 /* Project object */;
}
